
Microsoft Visual Studio Solution File, Format Version 12.00
# Visual Studio Version 17
VisualStudioVersion = 17.8.34330.188
MinimumVisualStudioVersion = 10.0.40219.1
Project("{FAE04EC0-301F-11D3-BF4B-00C04F79EFBC}") = "SchedulerSimpleApp", "SchedulerSimpleApp\SchedulerSimpleApp.csproj", "{C684738A-CAEA-4258-8C1A-1A4B9DD90E93}"
EndProject
Global
	GlobalSection(SolutionConfigurationPlatforms) = preSolution
		Debug|Any CPU = Debug|Any CPU
		Release|Any CPU = Release|Any CPU
	EndGlobalSection
	GlobalSection(ProjectConfigurationPlatforms) = postSolution
		{C684738A-CAEA-4258-8C1A-1A4B9DD90E93}.Debug|Any CPU.ActiveCfg = Debug|Any CPU
		{C684738A-CAEA-4258-8C1A-1A4B9DD90E93}.Debug|Any CPU.Build.0 = Debug|Any CPU
		{C684738A-CAEA-4258-8C1A-1A4B9DD90E93}.Release|Any CPU.ActiveCfg = Release|Any CPU
		{C684738A-CAEA-4258-8C1A-1A4B9DD90E93}.Release|Any CPU.Build.0 = Release|Any CPU
	EndGlobalSection
	GlobalSection(SolutionProperties) = preSolution
		HideSolutionNode = FALSE
	EndGlobalSection
	GlobalSection(ExtensibilityGlobals) = postSolution
		SolutionGuid = {FB03E198-D29E-4450-A58B-A7119E5622C6}
	EndGlobalSection
EndGlobal
